<Solution>
  <Project Path="01_MainSubjects/01_MainSubjects.csproj" Id="1d158d6b-bdf5-485a-9143-45e1cd3f371f" />
  <Project Path="02_Variables/02_Variables.csproj" Id="163914e5-337e-4ed9-a075-eb3608ae5877" />
  <Project Path="03_MakingDecision/03_MakingDecision.csproj" Id="179a0cc1-7815-4c0a-9c29-6297ec1c8893" />
  <Project Path="04_Loops/04_Loops.csproj" Id="037cd6a8-8ca7-4595-afbe-04cf3b8260dc" />
  <Project Path="05_LoopsWithStars/05_LoopsWithStars.csproj" Id="5ab5100b-3001-41aa-8072-74a111dea672" />
  <Project Path="06_Arrays/06_Arrays.csproj" Id="602e435b-589d-451e-a2fa-56c16a37b60c" />
  <Project Path="07_ForeachLoop/07_ForeachLoop.csproj" Id="4dceafa7-6c21-45d4-aeab-ebe9c8131410" />
  <Project Path="08_Methods/08_Methods.csproj" Id="f34de89a-5c75-46fa-b40c-31115707306a" />
  <Project Path="09_DatabaseProject/09_DatabaseProject.csproj" Id="d0750968-c726-42f9-ab37-6e2901cf8867" />
</Solution>
